<?xml version="1.0" encoding="utf-8"?>
<Project ToolsVersion="4.0" xmlns="http://schemas.microsoft.com/developer/msbuild/2003">
  <ItemGroup>
    <Filter Include="Header Files">
      <UniqueIdentifier>{93995380-89BD-4b04-88EB-625FBE52EBFB}</UniqueIdentifier>
      <Extensions>h;hh;hpp;hxx;h++;hm;inl;inc;ipp;xsd</Extensions>
    </Filter>
    <Filter Include="Source Files">
      <UniqueIdentifier>{4FC737F1-C7A5-4376-A066-2A32D752A2FF}</UniqueIdentifier>
      <Extensions>cpp;c;cc;cxx;c++;cppm;ixx;def;odl;idl;hpj;bat;asm;asmx</Extensions>
    </Filter>
    <Filter Include="Resource Files">
      <UniqueIdentifier>{67DA6AB6-F800-4c08-8B7A-83BB121AAD01}</UniqueIdentifier>
      <Extensions>rc;ico;cur;bmp;dlg;rc2;rct;bin;rgs;gif;jpg;jpeg;jpe;resx;tiff;tif;png;wav;mfcribbon-ms</Extensions>
    </Filter>
    <Filter Include="Interfaces">
      <UniqueIdentifier>{f38c983e-9a47-43c5-928a-20da2811144c}</UniqueIdentifier>
    </Filter>
    <Filter Include="Interfaces\ISystem">
      <UniqueIdentifier>{62b67806-5f9a-40da-a41b-882fecb29713}</UniqueIdentifier>
    </Filter>
    <Filter Include="Implementation">
      <UniqueIdentifier>{b134fa69-7b37-466f-8e48-5a09318a45de}</UniqueIdentifier>
    </Filter>
    <Filter Include="Implementation\System">
      <UniqueIdentifier>{4810d949-aaf8-4df6-b3fa-d13fe4c20e5c}</UniqueIdentifier>
    </Filter>
    <Filter Include="Interfaces\IDevices">
      <UniqueIdentifier>{a924c30d-8bdd-4965-bb7b-0df3ccffc800}</UniqueIdentifier>
    </Filter>
    <Filter Include="Interfaces\IDevices\IDevice">
      <UniqueIdentifier>{e96d07b9-c56b-4268-90c6-3bb7aa94fa1b}</UniqueIdentifier>
    </Filter>
  </ItemGroup>
  <ItemGroup>
    <ClInclude Include="framework.h">
      <Filter>Header Files</Filter>
    </ClInclude>
    <ClInclude Include="pch.h">
      <Filter>Header Files</Filter>
    </ClInclude>
    <ClInclude Include="Requires.h">
      <Filter>Header Files</Filter>
    </ClInclude>
    <ClInclude Include="Exports.h">
      <Filter>Header Files</Filter>
    </ClInclude>
    <ClInclude Include="ISystem.h">
      <Filter>Interfaces\ISystem</Filter>
    </ClInclude>
    <ClInclude Include="System.h">
      <Filter>Implementation\System</Filter>
    </ClInclude>
    <ClInclude Include="IDevice.h">
      <Filter>Interfaces\IDevices\IDevice</Filter>
    </ClInclude>
  </ItemGroup>
  <ItemGroup>
    <ClCompile Include="dllmain.cpp">
      <Filter>Source Files</Filter>
    </ClCompile>
    <ClCompile Include="pch.cpp">
      <Filter>Source Files</Filter>
    </ClCompile>
    <ClCompile Include="ISystem.cpp">
      <Filter>Interfaces\ISystem</Filter>
    </ClCompile>
    <ClCompile Include="System.cpp">
      <Filter>Implementation\System</Filter>
    </ClCompile>
    <ClCompile Include="IDevice.cpp">
      <Filter>Interfaces\IDevices\IDevice</Filter>
    </ClCompile>
  </ItemGroup>
</Project>